
Microsoft Visual Studio Solution File, Format Version 12.00
# Visual Studio for Mac
Project("{FAE04EC0-301F-11D3-BF4B-00C04F79EFBC}") = "Assembly-CSharp", "Assembly-CSharp.csproj", "{307A76D1-4726-79A1-12CD-0CC6F2805E31}"
EndProject
Project("{FAE04EC0-301F-11D3-BF4B-00C04F79EFBC}") = "Assembly-CSharp-firstpass", "Assembly-CSharp-firstpass.csproj", "{9955D516-91C5-B024-6344-A484AD0B7F21}"
EndProject
Project("{FAE04EC0-301F-11D3-BF4B-00C04F79EFBC}") = "Assembly-CSharp-Editor-firstpass", "Assembly-CSharp-Editor-firstpass.csproj", "{A26320CC-7809-DCCD-D624-37180868011F}"
EndProject
Global
	GlobalSection(SolutionConfigurationPlatforms) = preSolution
		Debug|Any CPU = Debug|Any CPU
		Release|Any CPU = Release|Any CPU
	EndGlobalSection
	GlobalSection(ProjectConfigurationPlatforms) = postSolution
		{307A76D1-4726-79A1-12CD-0CC6F2805E31}.Debug|Any CPU.ActiveCfg = Debug|Any CPU
		{307A76D1-4726-79A1-12CD-0CC6F2805E31}.Debug|Any CPU.Build.0 = Debug|Any CPU
		{307A76D1-4726-79A1-12CD-0CC6F2805E31}.Release|Any CPU.ActiveCfg = Release|Any CPU
		{307A76D1-4726-79A1-12CD-0CC6F2805E31}.Release|Any CPU.Build.0 = Release|Any CPU
		{9955D516-91C5-B024-6344-A484AD0B7F21}.Debug|Any CPU.ActiveCfg = Debug|Any CPU
		{9955D516-91C5-B024-6344-A484AD0B7F21}.Debug|Any CPU.Build.0 = Debug|Any CPU
		{9955D516-91C5-B024-6344-A484AD0B7F21}.Release|Any CPU.ActiveCfg = Release|Any CPU
		{9955D516-91C5-B024-6344-A484AD0B7F21}.Release|Any CPU.Build.0 = Release|Any CPU
		{A26320CC-7809-DCCD-D624-37180868011F}.Debug|Any CPU.ActiveCfg = Debug|Any CPU
		{A26320CC-7809-DCCD-D624-37180868011F}.Debug|Any CPU.Build.0 = Debug|Any CPU
		{A26320CC-7809-DCCD-D624-37180868011F}.Release|Any CPU.ActiveCfg = Release|Any CPU
		{A26320CC-7809-DCCD-D624-37180868011F}.Release|Any CPU.Build.0 = Release|Any CPU
	EndGlobalSection
	GlobalSection(SolutionProperties) = preSolution
		HideSolutionNode = FALSE
	EndGlobalSection
EndGlobal
